
Microsoft Visual Studio Solution File, Format Version 12.00
# Visual Studio Version 17
VisualStudioVersion = 17.14.36623.8 d17.14
MinimumVisualStudioVersion = 10.0.40219.1
Project("{FAE04EC0-301F-11D3-BF4B-00C04F79EFBC}") = "ProductApp.API", "ProductApp.API\ProductApp.API.csproj", "{E8B48520-44C7-4626-8E09-0144FF6AD5C6}"
EndProject
Project("{FAE04EC0-301F-11D3-BF4B-00C04F79EFBC}") = "ProductApp.Domain", "ProdyctApp.Domain\ProductApp.Domain.csproj", "{0E77C535-EEC3-43E6-828C-57FA6E144950}"
EndProject
Project("{FAE04EC0-301F-11D3-BF4B-00C04F79EFBC}") = "ProductApp.Application", "ProductApp.Application\ProductApp.Application.csproj", "{82E29E37-5280-4107-ADD9-31D2A2F30FCD}"
EndProject
Project("{FAE04EC0-301F-11D3-BF4B-00C04F79EFBC}") = "ProductApp.Infrastructure", "ProductApp.Infrastructure\ProductApp.Infrastructure.csproj", "{2955421A-4AF0-4B8F-BE16-E447EC6837DB}"
EndProject
Global
	GlobalSection(SolutionConfigurationPlatforms) = preSolution
		Debug|Any CPU = Debug|Any CPU
		Release|Any CPU = Release|Any CPU
	EndGlobalSection
	GlobalSection(ProjectConfigurationPlatforms) = postSolution
		{E8B48520-44C7-4626-8E09-0144FF6AD5C6}.Debug|Any CPU.ActiveCfg = Debug|Any CPU
		{E8B48520-44C7-4626-8E09-0144FF6AD5C6}.Debug|Any CPU.Build.0 = Debug|Any CPU
		{E8B48520-44C7-4626-8E09-0144FF6AD5C6}.Release|Any CPU.ActiveCfg = Release|Any CPU
		{E8B48520-44C7-4626-8E09-0144FF6AD5C6}.Release|Any CPU.Build.0 = Release|Any CPU
		{0E77C535-EEC3-43E6-828C-57FA6E144950}.Debug|Any CPU.ActiveCfg = Debug|Any CPU
		{0E77C535-EEC3-43E6-828C-57FA6E144950}.Debug|Any CPU.Build.0 = Debug|Any CPU
		{0E77C535-EEC3-43E6-828C-57FA6E144950}.Release|Any CPU.ActiveCfg = Release|Any CPU
		{0E77C535-EEC3-43E6-828C-57FA6E144950}.Release|Any CPU.Build.0 = Release|Any CPU
		{82E29E37-5280-4107-ADD9-31D2A2F30FCD}.Debug|Any CPU.ActiveCfg = Debug|Any CPU
		{82E29E37-5280-4107-ADD9-31D2A2F30FCD}.Debug|Any CPU.Build.0 = Debug|Any CPU
		{82E29E37-5280-4107-ADD9-31D2A2F30FCD}.Release|Any CPU.ActiveCfg = Release|Any CPU
		{82E29E37-5280-4107-ADD9-31D2A2F30FCD}.Release|Any CPU.Build.0 = Release|Any CPU
		{2955421A-4AF0-4B8F-BE16-E447EC6837DB}.Debug|Any CPU.ActiveCfg = Debug|Any CPU
		{2955421A-4AF0-4B8F-BE16-E447EC6837DB}.Debug|Any CPU.Build.0 = Debug|Any CPU
		{2955421A-4AF0-4B8F-BE16-E447EC6837DB}.Release|Any CPU.ActiveCfg = Release|Any CPU
		{2955421A-4AF0-4B8F-BE16-E447EC6837DB}.Release|Any CPU.Build.0 = Release|Any CPU
	EndGlobalSection
	GlobalSection(SolutionProperties) = preSolution
		HideSolutionNode = FALSE
	EndGlobalSection
	GlobalSection(ExtensibilityGlobals) = postSolution
		SolutionGuid = {337CF13F-A5A6-4A5A-B500-80ED2C9D5C0F}
	EndGlobalSection
EndGlobal
